
Microsoft Visual Studio Solution File, Format Version 12.00
# Visual Studio Version 17
VisualStudioVersion = 17.14.36109.1 d17.14
MinimumVisualStudioVersion = 10.0.40219.1
Project("{FAE04EC0-301F-11D3-BF4B-00C04F79EFBC}") = "MiniOS", "MiniOS\MiniOS.csproj", "{E3D92064-DDF5-4BBF-B2B2-44FDCFEF0CDE}"
EndProject
Global
	GlobalSection(SolutionConfigurationPlatforms) = preSolution
		Debug|Any CPU = Debug|Any CPU
		Release|Any CPU = Release|Any CPU
	EndGlobalSection
	GlobalSection(ProjectConfigurationPlatforms) = postSolution
		{E3D92064-DDF5-4BBF-B2B2-44FDCFEF0CDE}.Debug|Any CPU.ActiveCfg = Debug|Any CPU
		{E3D92064-DDF5-4BBF-B2B2-44FDCFEF0CDE}.Debug|Any CPU.Build.0 = Debug|Any CPU
		{E3D92064-DDF5-4BBF-B2B2-44FDCFEF0CDE}.Release|Any CPU.ActiveCfg = Release|Any CPU
		{E3D92064-DDF5-4BBF-B2B2-44FDCFEF0CDE}.Release|Any CPU.Build.0 = Release|Any CPU
	EndGlobalSection
	GlobalSection(SolutionProperties) = preSolution
		HideSolutionNode = FALSE
	EndGlobalSection
	GlobalSection(ExtensibilityGlobals) = postSolution
		SolutionGuid = {D8293682-BBE4-4723-BD93-B6F81CB4ACAF}
	EndGlobalSection
EndGlobal
